
Microsoft Visual Studio Solution File, Format Version 12.00
# Visual Studio 2012
Project("{FAE04EC0-301F-11D3-BF4B-00C04F79EFBC}") = "IcucApp.Core.Touch", "IcucApp.Core\IcucApp.Core.Touch.csproj", "{EBB89E52-76DE-45D3-87BD-3BF35E4914B0}"
EndProject
Project("{FAE04EC0-301F-11D3-BF4B-00C04F79EFBC}") = "IcucApp.Touch", "IcucApp.Touch\IcucApp.Touch.csproj", "{6FA09B1B-0872-450A-AE33-AB994A19881A}"
EndProject
Project("{2150E333-8FDC-42A3-9474-1A3956D46DE8}") = "Touch", "Touch", "{FF015CE1-753D-4F4A-B9B1-1196F93A537D}"
EndProject
Project("{2150E333-8FDC-42A3-9474-1A3956D46DE8}") = "Droid", "Droid", "{6B0A3E9F-B02D-4D7E-802E-E3CA1976CDD6}"
EndProject
Project("{FAE04EC0-301F-11D3-BF4B-00C04F79EFBC}") = "IcucApp.Core.Droid", "IcucApp.Core\IcucApp.Core.Droid.csproj", "{98688B4E-F6DD-4FF0-94DE-511B8662359E}"
EndProject
Project("{FAE04EC0-301F-11D3-BF4B-00C04F79EFBC}") = "IcucApp.Droid", "IcucApp.Droid\IcucApp.Droid.csproj", "{0011E609-8158-413D-B317-D9B49D0C1C16}"
EndProject
Project("{FAE04EC0-301F-11D3-BF4B-00C04F79EFBC}") = "IcucApp.Core", "IcucApp.Core\IcucApp.Core.csproj", "{8B8D8B0A-A2C1-4373-8149-A1A031CF7F77}"
EndProject
Project("{FAE04EC0-301F-11D3-BF4B-00C04F79EFBC}") = "IcucApp.Core.Tests", "IcucApp.Core.Tests\IcucApp.Core.Tests.csproj", "{9BAF166C-D6FB-414B-BAAA-D2C872C2016C}"
EndProject
Global
	GlobalSection(SolutionConfigurationPlatforms) = preSolution
		Ad-Hoc|Any CPU = Ad-Hoc|Any CPU
		Ad-Hoc|iPhone = Ad-Hoc|iPhone
		Ad-Hoc|iPhoneSimulator = Ad-Hoc|iPhoneSimulator
		Ad-Hoc|Mixed Platforms = Ad-Hoc|Mixed Platforms
		AppStore|Any CPU = AppStore|Any CPU
		AppStore|iPhone = AppStore|iPhone
		AppStore|iPhoneSimulator = AppStore|iPhoneSimulator
		AppStore|Mixed Platforms = AppStore|Mixed Platforms
		Debug|Any CPU = Debug|Any CPU
		Debug|iPhone = Debug|iPhone
		Debug|iPhoneSimulator = Debug|iPhoneSimulator
		Debug|Mixed Platforms = Debug|Mixed Platforms
		PlayStore|Any CPU = PlayStore|Any CPU
		PlayStore|iPhone = PlayStore|iPhone
		PlayStore|iPhoneSimulator = PlayStore|iPhoneSimulator
		PlayStore|Mixed Platforms = PlayStore|Mixed Platforms
		Release|Any CPU = Release|Any CPU
		Release|iPhone = Release|iPhone
		Release|iPhoneSimulator = Release|iPhoneSimulator
		Release|Mixed Platforms = Release|Mixed Platforms
	EndGlobalSection
	GlobalSection(ProjectConfigurationPlatforms) = postSolution
		{EBB89E52-76DE-45D3-87BD-3BF35E4914B0}.Ad-Hoc|Any CPU.ActiveCfg = Ad-Hoc|iPhone
		{EBB89E52-76DE-45D3-87BD-3BF35E4914B0}.Ad-Hoc|iPhone.ActiveCfg = Ad-Hoc|iPhone
		{EBB89E52-76DE-45D3-87BD-3BF35E4914B0}.Ad-Hoc|iPhone.Build.0 = Ad-Hoc|iPhone
		{EBB89E52-76DE-45D3-87BD-3BF35E4914B0}.Ad-Hoc|iPhoneSimulator.ActiveCfg = Ad-Hoc|iPhoneSimulator
		{EBB89E52-76DE-45D3-87BD-3BF35E4914B0}.Ad-Hoc|iPhoneSimulator.Build.0 = Ad-Hoc|iPhoneSimulator
		{EBB89E52-76DE-45D3-87BD-3BF35E4914B0}.Ad-Hoc|Mixed Platforms.ActiveCfg = Ad-Hoc|iPhone
		{EBB89E52-76DE-45D3-87BD-3BF35E4914B0}.Ad-Hoc|Mixed Platforms.Build.0 = Ad-Hoc|iPhone
		{EBB89E52-76DE-45D3-87BD-3BF35E4914B0}.AppStore|Any CPU.ActiveCfg = AppStore|iPhone
		{EBB89E52-76DE-45D3-87BD-3BF35E4914B0}.AppStore|iPhone.ActiveCfg = AppStore|iPhone
		{EBB89E52-76DE-45D3-87BD-3BF35E4914B0}.AppStore|iPhone.Build.0 = AppStore|iPhone
		{EBB89E52-76DE-45D3-87BD-3BF35E4914B0}.AppStore|iPhoneSimulator.ActiveCfg = AppStore|iPhoneSimulator
		{EBB89E52-76DE-45D3-87BD-3BF35E4914B0}.AppStore|iPhoneSimulator.Build.0 = AppStore|iPhoneSimulator
		{EBB89E52-76DE-45D3-87BD-3BF35E4914B0}.AppStore|Mixed Platforms.ActiveCfg = AppStore|iPhone
		{EBB89E52-76DE-45D3-87BD-3BF35E4914B0}.AppStore|Mixed Platforms.Build.0 = AppStore|iPhone
		{EBB89E52-76DE-45D3-87BD-3BF35E4914B0}.Debug|Any CPU.ActiveCfg = Debug|iPhone
		{EBB89E52-76DE-45D3-87BD-3BF35E4914B0}.Debug|iPhone.ActiveCfg = Debug|iPhone
		{EBB89E52-76DE-45D3-87BD-3BF35E4914B0}.Debug|iPhone.Build.0 = Debug|iPhone
		{EBB89E52-76DE-45D3-87BD-3BF35E4914B0}.Debug|iPhoneSimulator.ActiveCfg = Debug|iPhoneSimulator
		{EBB89E52-76DE-45D3-87BD-3BF35E4914B0}.Debug|iPhoneSimulator.Build.0 = Debug|iPhoneSimulator
		{EBB89E52-76DE-45D3-87BD-3BF35E4914B0}.Debug|Mixed Platforms.ActiveCfg = Debug|iPhone
		{EBB89E52-76DE-45D3-87BD-3BF35E4914B0}.Debug|Mixed Platforms.Build.0 = Debug|iPhone
		{EBB89E52-76DE-45D3-87BD-3BF35E4914B0}.PlayStore|Any CPU.ActiveCfg = Release|iPhoneSimulator
		{EBB89E52-76DE-45D3-87BD-3BF35E4914B0}.PlayStore|iPhone.ActiveCfg = Release|iPhone
		{EBB89E52-76DE-45D3-87BD-3BF35E4914B0}.PlayStore|iPhone.Build.0 = Release|iPhone
		{EBB89E52-76DE-45D3-87BD-3BF35E4914B0}.PlayStore|iPhoneSimulator.ActiveCfg = Release|iPhoneSimulator
		{EBB89E52-76DE-45D3-87BD-3BF35E4914B0}.PlayStore|iPhoneSimulator.Build.0 = Release|iPhoneSimulator
		{EBB89E52-76DE-45D3-87BD-3BF35E4914B0}.PlayStore|Mixed Platforms.ActiveCfg = Release|iPhoneSimulator
		{EBB89E52-76DE-45D3-87BD-3BF35E4914B0}.PlayStore|Mixed Platforms.Build.0 = Release|iPhoneSimulator
		{EBB89E52-76DE-45D3-87BD-3BF35E4914B0}.Release|Any CPU.ActiveCfg = Release|iPhone
		{EBB89E52-76DE-45D3-87BD-3BF35E4914B0}.Release|iPhone.ActiveCfg = Release|iPhone
		{EBB89E52-76DE-45D3-87BD-3BF35E4914B0}.Release|iPhone.Build.0 = Release|iPhone
		{EBB89E52-76DE-45D3-87BD-3BF35E4914B0}.Release|iPhoneSimulator.ActiveCfg = Release|iPhoneSimulator
		{EBB89E52-76DE-45D3-87BD-3BF35E4914B0}.Release|iPhoneSimulator.Build.0 = Release|iPhoneSimulator
		{EBB89E52-76DE-45D3-87BD-3BF35E4914B0}.Release|Mixed Platforms.ActiveCfg = Release|iPhone
		{EBB89E52-76DE-45D3-87BD-3BF35E4914B0}.Release|Mixed Platforms.Build.0 = Release|iPhone
		{6FA09B1B-0872-450A-AE33-AB994A19881A}.Ad-Hoc|Any CPU.ActiveCfg = Ad-Hoc|iPhone
		{6FA09B1B-0872-450A-AE33-AB994A19881A}.Ad-Hoc|iPhone.ActiveCfg = Ad-Hoc|iPhone
		{6FA09B1B-0872-450A-AE33-AB994A19881A}.Ad-Hoc|iPhone.Build.0 = Ad-Hoc|iPhone
		{6FA09B1B-0872-450A-AE33-AB994A19881A}.Ad-Hoc|iPhone.Deploy.0 = Ad-Hoc|iPhone
		{6FA09B1B-0872-450A-AE33-AB994A19881A}.Ad-Hoc|iPhoneSimulator.ActiveCfg = Ad-Hoc|iPhoneSimulator
		{6FA09B1B-0872-450A-AE33-AB994A19881A}.Ad-Hoc|iPhoneSimulator.Build.0 = Ad-Hoc|iPhoneSimulator
		{6FA09B1B-0872-450A-AE33-AB994A19881A}.Ad-Hoc|iPhoneSimulator.Deploy.0 = Ad-Hoc|iPhoneSimulator
		{6FA09B1B-0872-450A-AE33-AB994A19881A}.Ad-Hoc|Mixed Platforms.ActiveCfg = Ad-Hoc|iPhone
		{6FA09B1B-0872-450A-AE33-AB994A19881A}.Ad-Hoc|Mixed Platforms.Build.0 = Ad-Hoc|iPhone
		{6FA09B1B-0872-450A-AE33-AB994A19881A}.Ad-Hoc|Mixed Platforms.Deploy.0 = Ad-Hoc|iPhone
		{6FA09B1B-0872-450A-AE33-AB994A19881A}.AppStore|Any CPU.ActiveCfg = AppStore|iPhone
		{6FA09B1B-0872-450A-AE33-AB994A19881A}.AppStore|iPhone.ActiveCfg = AppStore|iPhone
		{6FA09B1B-0872-450A-AE33-AB994A19881A}.AppStore|iPhone.Build.0 = AppStore|iPhone
		{6FA09B1B-0872-450A-AE33-AB994A19881A}.AppStore|iPhone.Deploy.0 = AppStore|iPhone
		{6FA09B1B-0872-450A-AE33-AB994A19881A}.AppStore|iPhoneSimulator.ActiveCfg = AppStore|iPhoneSimulator
		{6FA09B1B-0872-450A-AE33-AB994A19881A}.AppStore|iPhoneSimulator.Build.0 = AppStore|iPhoneSimulator
		{6FA09B1B-0872-450A-AE33-AB994A19881A}.AppStore|iPhoneSimulator.Deploy.0 = AppStore|iPhoneSimulator
		{6FA09B1B-0872-450A-AE33-AB994A19881A}.AppStore|Mixed Platforms.ActiveCfg = AppStore|iPhone
		{6FA09B1B-0872-450A-AE33-AB994A19881A}.AppStore|Mixed Platforms.Build.0 = AppStore|iPhone
		{6FA09B1B-0872-450A-AE33-AB994A19881A}.AppStore|Mixed Platforms.Deploy.0 = AppStore|iPhone
		{6FA09B1B-0872-450A-AE33-AB994A19881A}.Debug|Any CPU.ActiveCfg = Debug|iPhone
		{6FA09B1B-0872-450A-AE33-AB994A19881A}.Debug|iPhone.ActiveCfg = Debug|iPhone
		{6FA09B1B-0872-450A-AE33-AB994A19881A}.Debug|iPhone.Build.0 = Debug|iPhone
		{6FA09B1B-0872-450A-AE33-AB994A19881A}.Debug|iPhone.Deploy.0 = Debug|iPhone
		{6FA09B1B-0872-450A-AE33-AB994A19881A}.Debug|iPhoneSimulator.ActiveCfg = Debug|iPhoneSimulator
		{6FA09B1B-0872-450A-AE33-AB994A19881A}.Debug|iPhoneSimulator.Build.0 = Debug|iPhoneSimulator
		{6FA09B1B-0872-450A-AE33-AB994A19881A}.Debug|iPhoneSimulator.Deploy.0 = Debug|iPhoneSimulator
		{6FA09B1B-0872-450A-AE33-AB994A19881A}.Debug|Mixed Platforms.ActiveCfg = Debug|iPhone
		{6FA09B1B-0872-450A-AE33-AB994A19881A}.Debug|Mixed Platforms.Build.0 = Debug|iPhone
		{6FA09B1B-0872-450A-AE33-AB994A19881A}.Debug|Mixed Platforms.Deploy.0 = Debug|iPhone
		{6FA09B1B-0872-450A-AE33-AB994A19881A}.PlayStore|Any CPU.ActiveCfg = Release|iPhoneSimulator
		{6FA09B1B-0872-450A-AE33-AB994A19881A}.PlayStore|iPhone.ActiveCfg = Release|iPhone
		{6FA09B1B-0872-450A-AE33-AB994A19881A}.PlayStore|iPhone.Build.0 = Release|iPhone
		{6FA09B1B-0872-450A-AE33-AB994A19881A}.PlayStore|iPhone.Deploy.0 = Release|iPhone
		{6FA09B1B-0872-450A-AE33-AB994A19881A}.PlayStore|iPhoneSimulator.ActiveCfg = Release|iPhoneSimulator
		{6FA09B1B-0872-450A-AE33-AB994A19881A}.PlayStore|iPhoneSimulator.Build.0 = Release|iPhoneSimulator
		{6FA09B1B-0872-450A-AE33-AB994A19881A}.PlayStore|iPhoneSimulator.Deploy.0 = Release|iPhoneSimulator
		{6FA09B1B-0872-450A-AE33-AB994A19881A}.PlayStore|Mixed Platforms.ActiveCfg = Release|iPhoneSimulator
		{6FA09B1B-0872-450A-AE33-AB994A19881A}.PlayStore|Mixed Platforms.Build.0 = Release|iPhoneSimulator
		{6FA09B1B-0872-450A-AE33-AB994A19881A}.PlayStore|Mixed Platforms.Deploy.0 = Release|iPhoneSimulator
		{6FA09B1B-0872-450A-AE33-AB994A19881A}.Release|Any CPU.ActiveCfg = Release|iPhone
		{6FA09B1B-0872-450A-AE33-AB994A19881A}.Release|iPhone.ActiveCfg = Release|iPhone
		{6FA09B1B-0872-450A-AE33-AB994A19881A}.Release|iPhone.Build.0 = Release|iPhone
		{6FA09B1B-0872-450A-AE33-AB994A19881A}.Release|iPhone.Deploy.0 = Release|iPhone
		{6FA09B1B-0872-450A-AE33-AB994A19881A}.Release|iPhoneSimulator.ActiveCfg = Release|iPhoneSimulator
		{6FA09B1B-0872-450A-AE33-AB994A19881A}.Release|iPhoneSimulator.Build.0 = Release|iPhoneSimulator
		{6FA09B1B-0872-450A-AE33-AB994A19881A}.Release|iPhoneSimulator.Deploy.0 = Release|iPhoneSimulator
		{6FA09B1B-0872-450A-AE33-AB994A19881A}.Release|Mixed Platforms.ActiveCfg = Release|iPhone
		{6FA09B1B-0872-450A-AE33-AB994A19881A}.Release|Mixed Platforms.Build.0 = Release|iPhone
		{6FA09B1B-0872-450A-AE33-AB994A19881A}.Release|Mixed Platforms.Deploy.0 = Release|iPhone
		{98688B4E-F6DD-4FF0-94DE-511B8662359E}.Ad-Hoc|Any CPU.ActiveCfg = Release|Any CPU
		{98688B4E-F6DD-4FF0-94DE-511B8662359E}.Ad-Hoc|Any CPU.Build.0 = Release|Any CPU
		{98688B4E-F6DD-4FF0-94DE-511B8662359E}.Ad-Hoc|iPhone.ActiveCfg = Release|Any CPU
		{98688B4E-F6DD-4FF0-94DE-511B8662359E}.Ad-Hoc|iPhoneSimulator.ActiveCfg = Release|Any CPU
		{98688B4E-F6DD-4FF0-94DE-511B8662359E}.Ad-Hoc|Mixed Platforms.ActiveCfg = Release|Any CPU
		{98688B4E-F6DD-4FF0-94DE-511B8662359E}.Ad-Hoc|Mixed Platforms.Build.0 = Release|Any CPU
		{98688B4E-F6DD-4FF0-94DE-511B8662359E}.AppStore|Any CPU.ActiveCfg = Release|Any CPU
		{98688B4E-F6DD-4FF0-94DE-511B8662359E}.AppStore|Any CPU.Build.0 = Release|Any CPU
		{98688B4E-F6DD-4FF0-94DE-511B8662359E}.AppStore|iPhone.ActiveCfg = Release|Any CPU
		{98688B4E-F6DD-4FF0-94DE-511B8662359E}.AppStore|iPhoneSimulator.ActiveCfg = Release|Any CPU
		{98688B4E-F6DD-4FF0-94DE-511B8662359E}.AppStore|Mixed Platforms.ActiveCfg = Release|Any CPU
		{98688B4E-F6DD-4FF0-94DE-511B8662359E}.AppStore|Mixed Platforms.Build.0 = Release|Any CPU
		{98688B4E-F6DD-4FF0-94DE-511B8662359E}.Debug|Any CPU.ActiveCfg = Debug|Any CPU
		{98688B4E-F6DD-4FF0-94DE-511B8662359E}.Debug|Any CPU.Build.0 = Debug|Any CPU
		{98688B4E-F6DD-4FF0-94DE-511B8662359E}.Debug|iPhone.ActiveCfg = Debug|Any CPU
		{98688B4E-F6DD-4FF0-94DE-511B8662359E}.Debug|iPhoneSimulator.ActiveCfg = Debug|Any CPU
		{98688B4E-F6DD-4FF0-94DE-511B8662359E}.Debug|Mixed Platforms.ActiveCfg = Debug|Any CPU
		{98688B4E-F6DD-4FF0-94DE-511B8662359E}.Debug|Mixed Platforms.Build.0 = Debug|Any CPU
		{98688B4E-F6DD-4FF0-94DE-511B8662359E}.PlayStore|Any CPU.ActiveCfg = Debug|Any CPU
		{98688B4E-F6DD-4FF0-94DE-511B8662359E}.PlayStore|Any CPU.Build.0 = Debug|Any CPU
		{98688B4E-F6DD-4FF0-94DE-511B8662359E}.PlayStore|iPhone.ActiveCfg = Debug|Any CPU
		{98688B4E-F6DD-4FF0-94DE-511B8662359E}.PlayStore|iPhoneSimulator.ActiveCfg = Debug|Any CPU
		{98688B4E-F6DD-4FF0-94DE-511B8662359E}.PlayStore|Mixed Platforms.ActiveCfg = Debug|Any CPU
		{98688B4E-F6DD-4FF0-94DE-511B8662359E}.PlayStore|Mixed Platforms.Build.0 = Debug|Any CPU
		{98688B4E-F6DD-4FF0-94DE-511B8662359E}.Release|Any CPU.ActiveCfg = Release|Any CPU
		{98688B4E-F6DD-4FF0-94DE-511B8662359E}.Release|Any CPU.Build.0 = Release|Any CPU
		{98688B4E-F6DD-4FF0-94DE-511B8662359E}.Release|iPhone.ActiveCfg = Release|Any CPU
		{98688B4E-F6DD-4FF0-94DE-511B8662359E}.Release|iPhoneSimulator.ActiveCfg = Release|Any CPU
		{98688B4E-F6DD-4FF0-94DE-511B8662359E}.Release|Mixed Platforms.ActiveCfg = Release|Any CPU
		{98688B4E-F6DD-4FF0-94DE-511B8662359E}.Release|Mixed Platforms.Build.0 = Release|Any CPU
		{0011E609-8158-413D-B317-D9B49D0C1C16}.Ad-Hoc|Any CPU.ActiveCfg = Release|Any CPU
		{0011E609-8158-413D-B317-D9B49D0C1C16}.Ad-Hoc|Any CPU.Build.0 = Release|Any CPU
		{0011E609-8158-413D-B317-D9B49D0C1C16}.Ad-Hoc|Any CPU.Deploy.0 = Release|Any CPU
		{0011E609-8158-413D-B317-D9B49D0C1C16}.Ad-Hoc|iPhone.ActiveCfg = Release|Any CPU
		{0011E609-8158-413D-B317-D9B49D0C1C16}.Ad-Hoc|iPhoneSimulator.ActiveCfg = Release|Any CPU
		{0011E609-8158-413D-B317-D9B49D0C1C16}.Ad-Hoc|Mixed Platforms.ActiveCfg = Release|Any CPU
		{0011E609-8158-413D-B317-D9B49D0C1C16}.Ad-Hoc|Mixed Platforms.Build.0 = Release|Any CPU
		{0011E609-8158-413D-B317-D9B49D0C1C16}.Ad-Hoc|Mixed Platforms.Deploy.0 = Release|Any CPU
		{0011E609-8158-413D-B317-D9B49D0C1C16}.AppStore|Any CPU.ActiveCfg = Release|Any CPU
		{0011E609-8158-413D-B317-D9B49D0C1C16}.AppStore|Any CPU.Build.0 = Release|Any CPU
		{0011E609-8158-413D-B317-D9B49D0C1C16}.AppStore|Any CPU.Deploy.0 = Release|Any CPU
		{0011E609-8158-413D-B317-D9B49D0C1C16}.AppStore|iPhone.ActiveCfg = Release|Any CPU
		{0011E609-8158-413D-B317-D9B49D0C1C16}.AppStore|iPhoneSimulator.ActiveCfg = Release|Any CPU
		{0011E609-8158-413D-B317-D9B49D0C1C16}.AppStore|Mixed Platforms.ActiveCfg = Release|Any CPU
		{0011E609-8158-413D-B317-D9B49D0C1C16}.AppStore|Mixed Platforms.Build.0 = Release|Any CPU
		{0011E609-8158-413D-B317-D9B49D0C1C16}.AppStore|Mixed Platforms.Deploy.0 = Release|Any CPU
		{0011E609-8158-413D-B317-D9B49D0C1C16}.Debug|Any CPU.ActiveCfg = Debug|Any CPU
		{0011E609-8158-413D-B317-D9B49D0C1C16}.Debug|Any CPU.Build.0 = Debug|Any CPU
		{0011E609-8158-413D-B317-D9B49D0C1C16}.Debug|Any CPU.Deploy.0 = Debug|Any CPU
		{0011E609-8158-413D-B317-D9B49D0C1C16}.Debug|iPhone.ActiveCfg = Debug|Any CPU
		{0011E609-8158-413D-B317-D9B49D0C1C16}.Debug|iPhoneSimulator.ActiveCfg = Debug|Any CPU
		{0011E609-8158-413D-B317-D9B49D0C1C16}.Debug|Mixed Platforms.ActiveCfg = Debug|Any CPU
		{0011E609-8158-413D-B317-D9B49D0C1C16}.Debug|Mixed Platforms.Build.0 = Debug|Any CPU
		{0011E609-8158-413D-B317-D9B49D0C1C16}.Debug|Mixed Platforms.Deploy.0 = Debug|Any CPU
		{0011E609-8158-413D-B317-D9B49D0C1C16}.PlayStore|Any CPU.ActiveCfg = Debug|Any CPU
		{0011E609-8158-413D-B317-D9B49D0C1C16}.PlayStore|Any CPU.Build.0 = Debug|Any CPU
		{0011E609-8158-413D-B317-D9B49D0C1C16}.PlayStore|Any CPU.Deploy.0 = Debug|Any CPU
		{0011E609-8158-413D-B317-D9B49D0C1C16}.PlayStore|iPhone.ActiveCfg = Debug|Any CPU
		{0011E609-8158-413D-B317-D9B49D0C1C16}.PlayStore|iPhoneSimulator.ActiveCfg = Debug|Any CPU
		{0011E609-8158-413D-B317-D9B49D0C1C16}.PlayStore|Mixed Platforms.ActiveCfg = Debug|Any CPU
		{0011E609-8158-413D-B317-D9B49D0C1C16}.PlayStore|Mixed Platforms.Build.0 = Debug|Any CPU
		{0011E609-8158-413D-B317-D9B49D0C1C16}.PlayStore|Mixed Platforms.Deploy.0 = Debug|Any CPU
		{0011E609-8158-413D-B317-D9B49D0C1C16}.Release|Any CPU.ActiveCfg = Release|Any CPU
		{0011E609-8158-413D-B317-D9B49D0C1C16}.Release|Any CPU.Build.0 = Release|Any CPU
		{0011E609-8158-413D-B317-D9B49D0C1C16}.Release|Any CPU.Deploy.0 = Release|Any CPU
		{0011E609-8158-413D-B317-D9B49D0C1C16}.Release|iPhone.ActiveCfg = Release|Any CPU
		{0011E609-8158-413D-B317-D9B49D0C1C16}.Release|iPhoneSimulator.ActiveCfg = Release|Any CPU
		{0011E609-8158-413D-B317-D9B49D0C1C16}.Release|Mixed Platforms.ActiveCfg = Release|Any CPU
		{0011E609-8158-413D-B317-D9B49D0C1C16}.Release|Mixed Platforms.Build.0 = Release|Any CPU
		{0011E609-8158-413D-B317-D9B49D0C1C16}.Release|Mixed Platforms.Deploy.0 = Release|Any CPU
		{8B8D8B0A-A2C1-4373-8149-A1A031CF7F77}.Ad-Hoc|Any CPU.ActiveCfg = PlayStore|Any CPU
		{8B8D8B0A-A2C1-4373-8149-A1A031CF7F77}.Ad-Hoc|Any CPU.Build.0 = PlayStore|Any CPU
		{8B8D8B0A-A2C1-4373-8149-A1A031CF7F77}.Ad-Hoc|iPhone.ActiveCfg = PlayStore|Any CPU
		{8B8D8B0A-A2C1-4373-8149-A1A031CF7F77}.Ad-Hoc|iPhoneSimulator.ActiveCfg = PlayStore|Any CPU
		{8B8D8B0A-A2C1-4373-8149-A1A031CF7F77}.Ad-Hoc|Mixed Platforms.ActiveCfg = PlayStore|Any CPU
		{8B8D8B0A-A2C1-4373-8149-A1A031CF7F77}.Ad-Hoc|Mixed Platforms.Build.0 = PlayStore|Any CPU
		{8B8D8B0A-A2C1-4373-8149-A1A031CF7F77}.AppStore|Any CPU.ActiveCfg = PlayStore|Any CPU
		{8B8D8B0A-A2C1-4373-8149-A1A031CF7F77}.AppStore|Any CPU.Build.0 = PlayStore|Any CPU
		{8B8D8B0A-A2C1-4373-8149-A1A031CF7F77}.AppStore|iPhone.ActiveCfg = PlayStore|Any CPU
		{8B8D8B0A-A2C1-4373-8149-A1A031CF7F77}.AppStore|iPhoneSimulator.ActiveCfg = PlayStore|Any CPU
		{8B8D8B0A-A2C1-4373-8149-A1A031CF7F77}.AppStore|Mixed Platforms.ActiveCfg = PlayStore|Any CPU
		{8B8D8B0A-A2C1-4373-8149-A1A031CF7F77}.AppStore|Mixed Platforms.Build.0 = PlayStore|Any CPU
		{8B8D8B0A-A2C1-4373-8149-A1A031CF7F77}.Debug|Any CPU.ActiveCfg = Debug|Any CPU
		{8B8D8B0A-A2C1-4373-8149-A1A031CF7F77}.Debug|Any CPU.Build.0 = Debug|Any CPU
		{8B8D8B0A-A2C1-4373-8149-A1A031CF7F77}.Debug|iPhone.ActiveCfg = Debug|Any CPU
		{8B8D8B0A-A2C1-4373-8149-A1A031CF7F77}.Debug|iPhoneSimulator.ActiveCfg = Debug|Any CPU
		{8B8D8B0A-A2C1-4373-8149-A1A031CF7F77}.Debug|Mixed Platforms.ActiveCfg = Debug|Any CPU
		{8B8D8B0A-A2C1-4373-8149-A1A031CF7F77}.Debug|Mixed Platforms.Build.0 = Debug|Any CPU
		{8B8D8B0A-A2C1-4373-8149-A1A031CF7F77}.PlayStore|Any CPU.ActiveCfg = PlayStore|Any CPU
		{8B8D8B0A-A2C1-4373-8149-A1A031CF7F77}.PlayStore|Any CPU.Build.0 = PlayStore|Any CPU
		{8B8D8B0A-A2C1-4373-8149-A1A031CF7F77}.PlayStore|iPhone.ActiveCfg = PlayStore|Any CPU
		{8B8D8B0A-A2C1-4373-8149-A1A031CF7F77}.PlayStore|iPhoneSimulator.ActiveCfg = PlayStore|Any CPU
		{8B8D8B0A-A2C1-4373-8149-A1A031CF7F77}.PlayStore|Mixed Platforms.ActiveCfg = PlayStore|Any CPU
		{8B8D8B0A-A2C1-4373-8149-A1A031CF7F77}.PlayStore|Mixed Platforms.Build.0 = PlayStore|Any CPU
		{8B8D8B0A-A2C1-4373-8149-A1A031CF7F77}.Release|Any CPU.ActiveCfg = Release|Any CPU
		{8B8D8B0A-A2C1-4373-8149-A1A031CF7F77}.Release|Any CPU.Build.0 = Release|Any CPU
		{8B8D8B0A-A2C1-4373-8149-A1A031CF7F77}.Release|iPhone.ActiveCfg = Release|Any CPU
		{8B8D8B0A-A2C1-4373-8149-A1A031CF7F77}.Release|iPhoneSimulator.ActiveCfg = Release|Any CPU
		{8B8D8B0A-A2C1-4373-8149-A1A031CF7F77}.Release|Mixed Platforms.ActiveCfg = Release|Any CPU
		{8B8D8B0A-A2C1-4373-8149-A1A031CF7F77}.Release|Mixed Platforms.Build.0 = Release|Any CPU
		{9BAF166C-D6FB-414B-BAAA-D2C872C2016C}.Ad-Hoc|Any CPU.ActiveCfg = Release|Any CPU
		{9BAF166C-D6FB-414B-BAAA-D2C872C2016C}.Ad-Hoc|Any CPU.Build.0 = Release|Any CPU
		{9BAF166C-D6FB-414B-BAAA-D2C872C2016C}.Ad-Hoc|iPhone.ActiveCfg = Release|Any CPU
		{9BAF166C-D6FB-414B-BAAA-D2C872C2016C}.Ad-Hoc|iPhoneSimulator.ActiveCfg = Release|Any CPU
		{9BAF166C-D6FB-414B-BAAA-D2C872C2016C}.Ad-Hoc|Mixed Platforms.ActiveCfg = Release|Any CPU
		{9BAF166C-D6FB-414B-BAAA-D2C872C2016C}.Ad-Hoc|Mixed Platforms.Build.0 = Release|Any CPU
		{9BAF166C-D6FB-414B-BAAA-D2C872C2016C}.AppStore|Any CPU.ActiveCfg = Release|Any CPU
		{9BAF166C-D6FB-414B-BAAA-D2C872C2016C}.AppStore|Any CPU.Build.0 = Release|Any CPU
		{9BAF166C-D6FB-414B-BAAA-D2C872C2016C}.AppStore|iPhone.ActiveCfg = Release|Any CPU
		{9BAF166C-D6FB-414B-BAAA-D2C872C2016C}.AppStore|iPhoneSimulator.ActiveCfg = Release|Any CPU
		{9BAF166C-D6FB-414B-BAAA-D2C872C2016C}.AppStore|Mixed Platforms.ActiveCfg = Release|Any CPU
		{9BAF166C-D6FB-414B-BAAA-D2C872C2016C}.AppStore|Mixed Platforms.Build.0 = Release|Any CPU
		{9BAF166C-D6FB-414B-BAAA-D2C872C2016C}.Debug|Any CPU.ActiveCfg = Debug|Any CPU
		{9BAF166C-D6FB-414B-BAAA-D2C872C2016C}.Debug|Any CPU.Build.0 = Debug|Any CPU
		{9BAF166C-D6FB-414B-BAAA-D2C872C2016C}.Debug|iPhone.ActiveCfg = Debug|Any CPU
		{9BAF166C-D6FB-414B-BAAA-D2C872C2016C}.Debug|iPhoneSimulator.ActiveCfg = Debug|Any CPU
		{9BAF166C-D6FB-414B-BAAA-D2C872C2016C}.Debug|Mixed Platforms.ActiveCfg = Debug|Any CPU
		{9BAF166C-D6FB-414B-BAAA-D2C872C2016C}.Debug|Mixed Platforms.Build.0 = Debug|Any CPU
		{9BAF166C-D6FB-414B-BAAA-D2C872C2016C}.PlayStore|Any CPU.ActiveCfg = Release|Any CPU
		{9BAF166C-D6FB-414B-BAAA-D2C872C2016C}.PlayStore|Any CPU.Build.0 = Release|Any CPU
		{9BAF166C-D6FB-414B-BAAA-D2C872C2016C}.PlayStore|iPhone.ActiveCfg = Release|Any CPU
		{9BAF166C-D6FB-414B-BAAA-D2C872C2016C}.PlayStore|iPhoneSimulator.ActiveCfg = Release|Any CPU
		{9BAF166C-D6FB-414B-BAAA-D2C872C2016C}.PlayStore|Mixed Platforms.ActiveCfg = Release|Any CPU
		{9BAF166C-D6FB-414B-BAAA-D2C872C2016C}.PlayStore|Mixed Platforms.Build.0 = Release|Any CPU
		{9BAF166C-D6FB-414B-BAAA-D2C872C2016C}.Release|Any CPU.ActiveCfg = Release|Any CPU
		{9BAF166C-D6FB-414B-BAAA-D2C872C2016C}.Release|Any CPU.Build.0 = Release|Any CPU
		{9BAF166C-D6FB-414B-BAAA-D2C872C2016C}.Release|iPhone.ActiveCfg = Release|Any CPU
		{9BAF166C-D6FB-414B-BAAA-D2C872C2016C}.Release|iPhoneSimulator.ActiveCfg = Release|Any CPU
		{9BAF166C-D6FB-414B-BAAA-D2C872C2016C}.Release|Mixed Platforms.ActiveCfg = Release|Any CPU
		{9BAF166C-D6FB-414B-BAAA-D2C872C2016C}.Release|Mixed Platforms.Build.0 = Release|Any CPU
	EndGlobalSection
	GlobalSection(SolutionProperties) = preSolution
		HideSolutionNode = FALSE
	EndGlobalSection
	GlobalSection(NestedProjects) = preSolution
		{6FA09B1B-0872-450A-AE33-AB994A19881A} = {FF015CE1-753D-4F4A-B9B1-1196F93A537D}
		{EBB89E52-76DE-45D3-87BD-3BF35E4914B0} = {FF015CE1-753D-4F4A-B9B1-1196F93A537D}
		{98688B4E-F6DD-4FF0-94DE-511B8662359E} = {6B0A3E9F-B02D-4D7E-802E-E3CA1976CDD6}
		{0011E609-8158-413D-B317-D9B49D0C1C16} = {6B0A3E9F-B02D-4D7E-802E-E3CA1976CDD6}
	EndGlobalSection
EndGlobal
